Microsoft Visual Studio Solution File, Format Version 11.00
# Visual Studio 2010
Project("{FAE04EC0-301F-11D3-BF4B-00C04F79EFBC}") = "Shooter-master", "Assembly-CSharp.csproj", "{BCAF005F-DF2A-48D1-E2BB-117DDB261CD4}"
EndProject
Project("{FAE04EC0-301F-11D3-BF4B-00C04F79EFBC}") = "Shooter-master", "Assembly-CSharp-Editor.csproj", "{877BF8FC-A6A0-B9CF-D5EF-65241BCB98FF}"
EndProject
Global
	GlobalSection(SolutionConfigurationPlatforms) = preSolution
		Debug|Any CPU = Debug|Any CPU
		Release|Any CPU = Release|Any CPU
	EndGlobalSection
	GlobalSection(ProjectConfigurationPlatforms) = postSolution
		{BCAF005F-DF2A-48D1-E2BB-117DDB261CD4}.Debug|Any CPU.ActiveCfg = Debug|Any CPU
		{BCAF005F-DF2A-48D1-E2BB-117DDB261CD4}.Debug|Any CPU.Build.0 = Debug|Any CPU
		{BCAF005F-DF2A-48D1-E2BB-117DDB261CD4}.Release|Any CPU.ActiveCfg = Release|Any CPU
		{BCAF005F-DF2A-48D1-E2BB-117DDB261CD4}.Release|Any CPU.Build.0 = Release|Any CPU
		{877BF8FC-A6A0-B9CF-D5EF-65241BCB98FF}.Debug|Any CPU.ActiveCfg = Debug|Any CPU
		{877BF8FC-A6A0-B9CF-D5EF-65241BCB98FF}.Debug|Any CPU.Build.0 = Debug|Any CPU
		{877BF8FC-A6A0-B9CF-D5EF-65241BCB98FF}.Release|Any CPU.ActiveCfg = Release|Any CPU
		{877BF8FC-A6A0-B9CF-D5EF-65241BCB98FF}.Release|Any CPU.Build.0 = Release|Any CPU
	EndGlobalSection
	GlobalSection(MonoDevelopProperties) = preSolution
		StartupItem = Assembly-CSharp.csproj
	EndGlobalSection
EndGlobal
